
Microsoft Visual Studio Solution File, Format Version 12.00
# Visual Studio Version 17
VisualStudioVersion = 17.10.34928.147
MinimumVisualStudioVersion = 10.0.40219.1
Project("{FAE04EC0-301F-11D3-BF4B-00C04F79EFBC}") = "SafeZone.API", "SafeZone.API\SafeZone.API.csproj", "{9A0D7D8D-CBB3-43B4-ABA3-2F0604B26275}"
EndProject
Global
	GlobalSection(SolutionConfigurationPlatforms) = preSolution
		Debug|Any CPU = Debug|Any CPU
		Release|Any CPU = Release|Any CPU
	EndGlobalSection
	GlobalSection(ProjectConfigurationPlatforms) = postSolution
		{9A0D7D8D-CBB3-43B4-ABA3-2F0604B26275}.Debug|Any CPU.ActiveCfg = Debug|Any CPU
		{9A0D7D8D-CBB3-43B4-ABA3-2F0604B26275}.Debug|Any CPU.Build.0 = Debug|Any CPU
		{9A0D7D8D-CBB3-43B4-ABA3-2F0604B26275}.Release|Any CPU.ActiveCfg = Release|Any CPU
		{9A0D7D8D-CBB3-43B4-ABA3-2F0604B26275}.Release|Any CPU.Build.0 = Release|Any CPU
	EndGlobalSection
	GlobalSection(SolutionProperties) = preSolution
		HideSolutionNode = FALSE
	EndGlobalSection
	GlobalSection(ExtensibilityGlobals) = postSolution
		SolutionGuid = {F3D214E3-7AB2-4189-A23D-045787097A22}
	EndGlobalSection
EndGlobal
